lockfileVersion: '9.0'

settings:
  autoInstallPeers: false
  excludeLinksFromLockfile: false

importers:

  .:
    dependencies:
      '@eslint/js':
        specifier: ^9.16.0
        version: 9.16.0

packages:

  '@eslint/js@9.16.0':
    resolution: {integrity: sha512-tw2HxzQkrbeuvyj1tG2Yqq+0H9wGoI2IMk4EOsQeX+vmd75FtJAzf+gTA69WF+baUKRYQ3x2kbLE08js5OsTVg==}
    engines: {node: ^18.18.0 || ^20.9.0 || >=21.1.0}

snapshots:

  '@eslint/js@9.16.0': {}
